
Microsoft Visual Studio Solution File, Format Version 12.00
# Visual Studio Version 17
VisualStudioVersion = 17.0.32014.148
MinimumVisualStudioVersion = 10.0.40219.1
Project("{2150E333-8FDC-42A3-9474-1A3956D46DE8}") = "Tests", "Tests", "{F6D4312E-8E47-4710-B490-B6405D78C82E}"
EndProject
Project("{2150E333-8FDC-42A3-9474-1A3956D46DE8}") = "Libs", "Libs", "{CFA400D0-0E00-4372-B77E-3BAC59A5305B}"
EndProject
Project("{9A19103F-16F7-4668-BE54-9A1E7A4F7556}") = "Yty.Shared.Repository.Master.Domain", "Yty.Shared.Repository.Master.Domain\Yty.Shared.Repository.Master.Domain.csproj", "{8164245D-7ADF-479B-8F86-CC7D9650A509}"
EndProject
Project("{9A19103F-16F7-4668-BE54-9A1E7A4F7556}") = "Yty.Shared.Repository.Master.Infrastructures", "Yty.Shared.Repository.Master.Infrastructures\Yty.Shared.Repository.Master.Infrastructures.csproj", "{5678F794-DB71-4735-A950-7A7792FEEBB8}"
EndProject
Project("{9A19103F-16F7-4668-BE54-9A1E7A4F7556}") = "Yty.Shared.Repository.Master.Framework", "Yty.Shared.Repository.Master.Framework\Yty.Shared.Repository.Master.Framework.csproj", "{1FE1BD76-ACB5-4A86-AE69-FBC0BE3B67D8}"
EndProject
Project("{9A19103F-16F7-4668-BE54-9A1E7A4F7556}") = "Yty.Shared.Repository.Master.Data.Migrations", "Yty.Shared.Repository.Master.Data.Migrations\Yty.Shared.Repository.Master.Data.Migrations.csproj", "{31CB30DD-4A3D-4AC5-A542-D711765286E4}"
EndProject
Project("{9A19103F-16F7-4668-BE54-9A1E7A4F7556}") = "Yty.Shared.Repository.Master.API", "Yty.Shared.Repository.Master.API.UI\Yty.Shared.Repository.Master.API.csproj", "{972BA732-A5C2-4AB8-B421-6C0FB7B7FEA2}"
EndProject
Global
	GlobalSection(SolutionConfigurationPlatforms) = preSolution
		Debug|Any CPU = Debug|Any CPU
		Release|Any CPU = Release|Any CPU
	EndGlobalSection
	GlobalSection(ProjectConfigurationPlatforms) = postSolution
		{8164245D-7ADF-479B-8F86-CC7D9650A509}.Debug|Any CPU.ActiveCfg = Debug|Any CPU
		{8164245D-7ADF-479B-8F86-CC7D9650A509}.Debug|Any CPU.Build.0 = Debug|Any CPU
		{8164245D-7ADF-479B-8F86-CC7D9650A509}.Release|Any CPU.ActiveCfg = Release|Any CPU
		{8164245D-7ADF-479B-8F86-CC7D9650A509}.Release|Any CPU.Build.0 = Release|Any CPU
		{5678F794-DB71-4735-A950-7A7792FEEBB8}.Debug|Any CPU.ActiveCfg = Debug|Any CPU
		{5678F794-DB71-4735-A950-7A7792FEEBB8}.Debug|Any CPU.Build.0 = Debug|Any CPU
		{5678F794-DB71-4735-A950-7A7792FEEBB8}.Release|Any CPU.ActiveCfg = Release|Any CPU
		{5678F794-DB71-4735-A950-7A7792FEEBB8}.Release|Any CPU.Build.0 = Release|Any CPU
		{1FE1BD76-ACB5-4A86-AE69-FBC0BE3B67D8}.Debug|Any CPU.ActiveCfg = Debug|Any CPU
		{1FE1BD76-ACB5-4A86-AE69-FBC0BE3B67D8}.Debug|Any CPU.Build.0 = Debug|Any CPU
		{1FE1BD76-ACB5-4A86-AE69-FBC0BE3B67D8}.Release|Any CPU.ActiveCfg = Release|Any CPU
		{1FE1BD76-ACB5-4A86-AE69-FBC0BE3B67D8}.Release|Any CPU.Build.0 = Release|Any CPU
		{31CB30DD-4A3D-4AC5-A542-D711765286E4}.Debug|Any CPU.ActiveCfg = Debug|Any CPU
		{31CB30DD-4A3D-4AC5-A542-D711765286E4}.Debug|Any CPU.Build.0 = Debug|Any CPU
		{31CB30DD-4A3D-4AC5-A542-D711765286E4}.Release|Any CPU.ActiveCfg = Release|Any CPU
		{31CB30DD-4A3D-4AC5-A542-D711765286E4}.Release|Any CPU.Build.0 = Release|Any CPU
		{972BA732-A5C2-4AB8-B421-6C0FB7B7FEA2}.Debug|Any CPU.ActiveCfg = Debug|Any CPU
		{972BA732-A5C2-4AB8-B421-6C0FB7B7FEA2}.Debug|Any CPU.Build.0 = Debug|Any CPU
		{972BA732-A5C2-4AB8-B421-6C0FB7B7FEA2}.Release|Any CPU.ActiveCfg = Release|Any CPU
		{972BA732-A5C2-4AB8-B421-6C0FB7B7FEA2}.Release|Any CPU.Build.0 = Release|Any CPU
	EndGlobalSection
	GlobalSection(SolutionProperties) = preSolution
		HideSolutionNode = FALSE
	EndGlobalSection
	GlobalSection(NestedProjects) = preSolution
		{8164245D-7ADF-479B-8F86-CC7D9650A509} = {CFA400D0-0E00-4372-B77E-3BAC59A5305B}
		{5678F794-DB71-4735-A950-7A7792FEEBB8} = {CFA400D0-0E00-4372-B77E-3BAC59A5305B}
		{1FE1BD76-ACB5-4A86-AE69-FBC0BE3B67D8} = {CFA400D0-0E00-4372-B77E-3BAC59A5305B}
		{31CB30DD-4A3D-4AC5-A542-D711765286E4} = {CFA400D0-0E00-4372-B77E-3BAC59A5305B}
	EndGlobalSection
	GlobalSection(ExtensibilityGlobals) = postSolution
		SolutionGuid = {6B63D2D8-9A5B-4B42-B2C5-65B02608C316}
	EndGlobalSection
EndGlobal
